// !$*UTF8*$!
{
	archiveVersion = 1;
	classes = {
	};
	objectVersion = 46;
	objects = {

/* Begin PBXBuildFile section */
		7B76EF3D1D931CE200641AC6 /* pokemon.csv in Resources */ = {isa = PBXBuildFile; fileRef = 7B76EF3C1D931CE200641AC6 /* pokemon.csv */; };
		7B76EF431D931DA100641AC6 /* Pokemon.swift in Sources */ = {isa = PBXBuildFile; fileRef = 7B76EF421D931DA100641AC6 /* Pokemon.swift */; };
		7B76EF451D93264700641AC6 /* PokeCell.swift in Sources */ = {isa = PBXBuildFile; fileRef = 7B76EF441D93264700641AC6 /* PokeCell.swift */; };
		7BDBC1871D930D900019C9FC /* AppDelegate.swift in Sources */ = {isa = PBXBuildFile; fileRef = 7BDBC1861D930D900019C9FC /* AppDelegate.swift */; };
		7BDBC1891D930D900019C9FC /* ViewController.swift in Sources */ = {isa = PBXBuildFile; fileRef = 7BDBC1881D930D900019C9FC /* ViewController.swift */; };
		7BDBC18C1D930D900019C9FC /* Main.storyboard in Resources */ = {isa = PBXBuildFile; fileRef = 7BDBC18A1D930D900019C9FC /* Main.storyboard */; };
		7BDBC18E1D930D900019C9FC /* Assets.xcassets in Resources */ = {isa = PBXBuildFile; fileRef = 7BDBC18D1D930D900019C9FC /* Assets.xcassets */; };
		7BDBC1911D930D900019C9FC /* LaunchScreen.storyboard in Resources */ = {isa = PBXBuildFile; fileRef = 7BDBC18F1D930D900019C9FC /* LaunchScreen.storyboard */; };
/* End PBXBuildFile section */

/* Begin PBXFileReference section */
		7B76EF3C1D931CE200641AC6 /* pokemon.csv */ = {isa = PBXFileReference; fileEncoding = 4; lastKnownFileType = text; path = pokemon.csv; sourceTree = "<group>"; };
		7B76EF421D931DA100641AC6 /* Pokemon.swift */ = {isa = PBXFileReference; fileEncoding = 4; lastKnownFileType = sourcecode.swift; path = Pokemon.swift; sourceTree = "<group>"; };
		7B76EF441D93264700641AC6 /* PokeCell.swift */ = {isa = PBXFileReference; fileEncoding = 4; lastKnownFileType = sourcecode.swift; path = PokeCell.swift; sourceTree = "<group>"; };
		7BDBC1831D930D900019C9FC /* ThePokedex.app */ = {isa = PBXFileReference; explicitFileType = wrapper.application; includeInIndex = 0; path = ThePokedex.app; sourceTree = BUILT_PRODUCTS_DIR; };
		7BDBC1861D930D900019C9FC /* AppDelegate.swift */ = {isa = PBXFileReference; lastKnownFileType = sourcecode.swift; path = AppDelegate.swift; sourceTree = "<group>"; };
		7BDBC1881D930D900019C9FC /* ViewController.swift */ = {isa = PBXFileReference; lastKnownFileType = sourcecode.swift; path = ViewController.swift; sourceTree = "<group>"; };
		7BDBC18B1D930D900019C9FC /* Base */ = {isa = PBXFileReference; lastKnownFileType = file.storyboard; name = Base; path = Base.lproj/Main.storyboard; sourceTree = "<group>"; };
		7BDBC18D1D930D900019C9FC /* Assets.xcassets */ = {isa = PBXFileReference; lastKnownFileType = folder.assetcatalog; path = Assets.xcassets; sourceTree = "<group>"; };
		7BDBC1901D930D900019C9FC /* Base */ = {isa = PBXFileReference; lastKnownFileType = file.storyboard; name = Base; path = Base.lproj/LaunchScreen.storyboard; sourceTree = "<group>"; };
		7BDBC1921D930D900019C9FC /* Info.plist */ = {isa = PBXFileReference; lastKnownFileType = text.plist.xml; path = Info.plist; sourceTree = "<group>"; };
/* End PBXFileReference section */

/* Begin PBXFrameworksBuildPhase section */
		7BDBC1801D930D900019C9FC /* Frameworks */ = {
			isa = PBXFrameworksBuildPhase;
			buildActionMask = 2147483647;
			files = (
			);
			runOnlyForDeploymentPostprocessing = 0;
		};
/* End PBXFrameworksBuildPhase section */

/* Begin PBXGroup section */
		7B76EF3E1D931D7400641AC6 /* Model */ = {
			isa = PBXGroup;
			children = (
				7B76EF421D931DA100641AC6 /* Pokemon.swift */,
			);
			name = Model;
			sourceTree = "<group>";
		};
		7B76EF3F1D931D7A00641AC6 /* View */ = {
			isa = PBXGroup;
			children = (
				7B76EF441D93264700641AC6 /* PokeCell.swift */,
			);
			name = View;
			sourceTree = "<group>";
		};
		7B76EF401D931D8000641AC6 /* Controller */ = {
			isa = PBXGroup;
			children = (
				7BDBC1881D930D900019C9FC /* ViewController.swift */,
			);
			name = Controller;
			sourceTree = "<group>";
		};
		7BDBC17A1D930D900019C9FC = {
			isa = PBXGroup;
			children = (
				7BDBC1851D930D900019C9FC /* ThePokedex */,
				7BDBC1841D930D900019C9FC /* Products */,
			);
			sourceTree = "<group>";
		};
		7BDBC1841D930D900019C9FC /* Products */ = {
			isa = PBXGroup;
			children = (
				7BDBC1831D930D900019C9FC /* ThePokedex.app */,
			);
			name = Products;
			sourceTree = "<group>";
		};
		7BDBC1851D930D900019C9FC /* ThePokedex */ = {
			isa = PBXGroup;
			children = (
				7B76EF401D931D8000641AC6 /* Controller */,
				7B76EF3F1D931D7A00641AC6 /* View */,
				7B76EF3E1D931D7400641AC6 /* Model */,
				7BDBC1861D930D900019C9FC /* AppDelegate.swift */,
				7B76EF3C1D931CE200641AC6 /* pokemon.csv */,
				7BDBC18A1D930D900019C9FC /* Main.storyboard */,
				7BDBC18D1D930D900019C9FC /* Assets.xcassets */,
				7BDBC18F1D930D900019C9FC /* LaunchScreen.storyboard */,
				7BDBC1921D930D900019C9FC /* Info.plist */,
			);
			path = ThePokedex;
			sourceTree = "<group>";
		};
/* End PBXGroup section */

/* Begin PBXNativeTarget section */
		7BDBC1821D930D900019C9FC /* ThePokedex */ = {
			isa = PBXNativeTarget;
			buildConfigurationList = 7BDBC1951D930D900019C9FC /* Build configuration list for PBXNativeTarget "ThePokedex" */;
			buildPhases = (
				7BDBC17F1D930D900019C9FC /* Sources */,
				7BDBC1801D930D900019C9FC /* Frameworks */,
				7BDBC1811D930D900019C9FC /* Resources */,
			);
			buildRules = (
			);
			dependencies = (
			);
			name = ThePokedex;
			productName = ThePokedex;
			productReference = 7BDBC1831D930D900019C9FC /* ThePokedex.app */;
			productType = "com.apple.product-type.application";
		};
/* End PBXNativeTarget section */

/* Begin PBXProject section */
		7BDBC17B1D930D900019C9FC /* Project object */ = {
			isa = PBXProject;
			attributes = {
				LastSwiftUpdateCheck = 0800;
				LastUpgradeCheck = 0800;
				ORGANIZATIONNAME = "Dan Lindsay";
				TargetAttributes = {
					7BDBC1821D930D900019C9FC = {
						CreatedOnToolsVersion = 8.0;
						DevelopmentTeam = 999T2QHS45;
						ProvisioningStyle = Automatic;
					};
				};
			};
			buildConfigurationList = 7BDBC17E1D930D900019C9FC /* Build configuration list for PBXProject "ThePokedex" */;
			compatibilityVersion = "Xcode 3.2";
			developmentRegion = English;
			hasScannedForEncodings = 0;
			knownRegions = (
				en,
				Base,
			);
			mainGroup = 7BDBC17A1D930D900019C9FC;
			productRefGroup = 7BDBC1841D930D900019C9FC /* Products */;
			projectDirPath = "";
			projectRoot = "";
			targets = (
				7BDBC1821D930D900019C9FC /* ThePokedex */,
			);
		};
/* End PBXProject section */

/* Begin PBXResourcesBuildPhase section */
		7BDBC1811D930D900019C9FC /* Resources */ = {
			isa = PBXResourcesBuildPhase;
			buildActionMask = 2147483647;
			files = (
				7BDBC1911D930D900019C9FC /* LaunchScreen.storyboard in Resources */,
				7BDBC18E1D930D900019C9FC /* Assets.xcassets in Resources */,
				7B76EF3D1D931CE200641AC6 /* pokemon.csv in Resources */,
				7BDBC18C1D930D900019C9FC /* Main.storyboard in Resources */,
			);
			runOnlyForDeploymentPostprocessing = 0;
		};
/* End PBXResourcesBuildPhase section */

/* Begin PBXSourcesBuildPhase section */
		7BDBC17F1D930D900019C9FC /* Sources */ = {
			isa = PBXSourcesBuildPhase;
			buildActionMask = 2147483647;
			files = (
				7B76EF451D93264700641AC6 /* PokeCell.swift in Sources */,
				7BDBC1891D930D900019C9FC /* ViewController.swift in Sources */,
				7BDBC1871D930D900019C9FC /* AppDelegate.swift in Sources */,
				7B76EF431D931DA100641AC6 /* Pokemon.swift in Sources */,
			);
			runOnlyForDeploymentPostprocessing = 0;
		};
/* End PBXSourcesBuildPhase section */

/* Begin PBXVariantGroup section */
		7BDBC18A1D930D900019C9FC /* Main.storyboard */ = {
			isa = PBXVariantGroup;
			children = (
				7BDBC18B1D930D900019C9FC /* Base */,
			);
			name = Main.storyboard;
			sourceTree = "<group>";
		};
		7BDBC18F1D930D900019C9FC /* LaunchScreen.storyboard */ = {
			isa = PBXVariantGroup;
			children = (
				7BDBC1901D930D900019C9FC /* Base */,
			);
			name = LaunchScreen.storyboard;
			sourceTree = "<group>";
		};
/* End PBXVariantGroup section */

/* Begin XCBuildConfiguration section */
		7BDBC1931D930D900019C9FC /* Debug */ = {
			isa = XCBuildConfiguration;
			buildSettings = {
				ALWAYS_SEARCH_USER_PATHS = NO;
				CLANG_ANALYZER_NONNULL = YES;
				CLANG_CXX_LANGUAGE_STANDARD = "gnu++0x";
				CLANG_CXX_LIBRARY = "libc++";
				CLANG_ENABLE_MODULES = YES;
				CLANG_ENABLE_OBJC_ARC = YES;
				CLANG_WARN_BOOL_CONVERSION = YES;
				CLANG_WARN_CONSTANT_CONVERSION = YES;
				CLANG_WARN_DIRECT_OBJC_ISA_USAGE = YES_ERROR;
				CLANG_WARN_DOCUMENTATION_COMMENTS = YES;
				CLANG_WARN_EMPTY_BODY = YES;
				CLANG_WARN_ENUM_CONVERSION = YES;
				CLANG_WARN_INFINITE_RECURSION = YES;
				CLANG_WARN_INT_CONVERSION = YES;
				CLANG_WARN_OBJC_ROOT_CLASS = YES_ERROR;
				CLANG_WARN_SUSPICIOUS_MOVES = YES;
				CLANG_WARN_UNREACHABLE_CODE = YES;
				CLANG_WARN__DUPLICATE_METHOD_MATCH = YES;
				"CODE_SIGN_IDENTITY[sdk=iphoneos*]" = "iPhone Developer";
				COPY_PHASE_STRIP = NO;
				DEBUG_INFORMATION_FORMAT = dwarf;
				ENABLE_STRICT_OBJC_MSGSEND = YES;
				ENABLE_TESTABILITY = YES;
				GCC_C_LANGUAGE_STANDARD = gnu99;
				GCC_DYNAMIC_NO_PIC = NO;
				GCC_NO_COMMON_BLOCKS = YES;
				GCC_OPTIMIZATION_LEVEL = 0;
				GCC_PREPROCESSOR_DEFINITIONS = (
					"DEBUG=1",
					"$(inherited)",
				);
				GCC_WARN_64_TO_32_BIT_CONVERSION = YES;
				GCC_WARN_ABOUT_RETURN_TYPE = YES_ERROR;
				GCC_WARN_UNDECLARED_SELECTOR = YES;
				GCC_WARN_UNINITIALIZED_AUTOS = YES_AGGRESSIVE;
				GCC_WARN_UNUSED_FUNCTION = YES;
				GCC_WARN_UNUSED_VARIABLE = YES;
				IPHONEOS_DEPLOYMENT_TARGET = 10.0;
				MTL_ENABLE_DEBUG_INFO = YES;
				ONLY_ACTIVE_ARCH = YES;
				SDKROOT = iphoneos;
				SWIFT_ACTIVE_COMPILATION_CONDITIONS = DEBUG;
				SWIFT_OPTIMIZATION_LEVEL = "-Onone";
				TARGETED_DEVICE_FAMILY = "1,2";
			};
			name = Debug;
		};
		7BDBC1941D930D900019C9FC /* Release */ = {
			isa = XCBuildConfiguration;
			buildSettings = {
				ALWAYS_SEARCH_USER_PATHS = NO;
				CLANG_ANALYZER_NONNULL = YES;
				CLANG_CXX_LANGUAGE_STANDARD = "gnu++0x";
				CLANG_CXX_LIBRARY = "libc++";
				CLANG_ENABLE_MODULES = YES;
				CLANG_ENABLE_OBJC_ARC = YES;
				CLANG_WARN_BOOL_CONVERSION = YES;
				CLANG_WARN_CONSTANT_CONVERSION = YES;
				CLANG_WARN_DIRECT_OBJC_ISA_USAGE = YES_ERROR;
				CLANG_WARN_DOCUMENTATION_COMMENTS = YES;
				CLANG_WARN_EMPTY_BODY = YES;
				CLANG_WARN_ENUM_CONVERSION = YES;
				CLANG_WARN_INFINITE_RECURSION = YES;
				CLANG_WARN_INT_CONVERSION = YES;
				CLANG_WARN_OBJC_ROOT_CLASS = YES_ERROR;
				CLANG_WARN_SUSPICIOUS_MOVES = YES;
				CLANG_WARN_UNREACHABLE_CODE = YES;
				CLANG_WARN__DUPLICATE_METHOD_MATCH = YES;
				"CODE_SIGN_IDENTITY[sdk=iphoneos*]" = "iPhone Developer";
				COPY_PHASE_STRIP = NO;
				DEBUG_INFORMATION_FORMAT = "dwarf-with-dsym";
				ENABLE_NS_ASSERTIONS = NO;
				ENABLE_STRICT_OBJC_MSGSEND = YES;
				GCC_C_LANGUAGE_STANDARD = gnu99;
				GCC_NO_COMMON_BLOCKS = YES;
				GCC_WARN_64_TO_32_BIT_CONVERSION = YES;
				GCC_WARN_ABOUT_RETURN_TYPE = YES_ERROR;
				GCC_WARN_UNDECLARED_SELECTOR = YES;
				GCC_WARN_UNINITIALIZED_AUTOS = YES_AGGRESSIVE;
				GCC_WARN_UNUSED_FUNCTION = YES;
				GCC_WARN_UNUSED_VARIABLE = YES;
				IPHONEOS_DEPLOYMENT_TARGET = 10.0;
				MTL_ENABLE_DEBUG_INFO = NO;
				SDKROOT = iphoneos;
				SWIFT_OPTIMIZATION_LEVEL = "-Owholemodule";
				TARGETED_DEVICE_FAMILY = "1,2";
				VALIDATE_PRODUCT = YES;
			};
			name = Release;
		};
		7BDBC1961D930D900019C9FC /* Debug */ = {
			isa = XCBuildConfiguration;
			buildSettings = {
				ASSETCATALOG_COMPILER_APPICON_NAME = AppIcon;
				DEVELOPMENT_TEAM = 999T2QHS45;
				INFOPLIST_FILE = ThePokedex/Info.plist;
				LD_RUNPATH_SEARCH_PATHS = "$(inherited) @executable_path/Frameworks";
				PRODUCT_BUNDLE_IDENTIFIER = com.omnificCondition.ThePokedex;
				PRODUCT_NAME = "$(TARGET_NAME)";
				SWIFT_VERSION = 3.0;
			};
			name = Debug;
		};
		7BDBC1971D930D900019C9FC /* Release */ = {
			isa = XCBuildConfiguration;
			buildSettings = {
				ASSETCATALOG_COMPILER_APPICON_NAME = AppIcon;
				DEVELOPMENT_TEAM = 999T2QHS45;
				INFOPLIST_FILE = ThePokedex/Info.plist;
				LD_RUNPATH_SEARCH_PATHS = "$(inherited) @executable_path/Frameworks";
				PRODUCT_BUNDLE_IDENTIFIER = com.omnificCondition.ThePokedex;
				PRODUCT_NAME = "$(TARGET_NAME)";
				SWIFT_VERSION = 3.0;
			};
			name = Release;
		};
/* End XCBuildConfiguration section */

/* Begin XCConfigurationList section */
		7BDBC17E1D930D900019C9FC /* Build configuration list for PBXProject "ThePokedex" */ = {
			isa = XCConfigurationList;
			buildConfigurations = (
				7BDBC1931D930D900019C9FC /* Debug */,
				7BDBC1941D930D900019C9FC /* Release */,
			);
			defaultConfigurationIsVisible = 0;
			defaultConfigurationName = Release;
		};
		7BDBC1951D930D900019C9FC /* Build configuration list for PBXNativeTarget "ThePokedex" */ = {
			isa = XCConfigurationList;
			buildConfigurations = (
				7BDBC1961D930D900019C9FC /* Debug */,
				7BDBC1971D930D900019C9FC /* Release */,
			);
			defaultConfigurationIsVisible = 0;
			defaultConfigurationName = Release;
		};
/* End XCConfigurationList section */
	};
	rootObject = 7BDBC17B1D930D900019C9FC /* Project object */;
}
